
Microsoft Visual Studio Solution File, Format Version 12.00
# Visual Studio Version 16
VisualStudioVersion = 16.0.29215.179
MinimumVisualStudioVersion = 10.0.40219.1
Project("{FAE04EC0-301F-11D3-BF4B-00C04F79EFBC}") = "PortEnsoulSharp.Aio", "PortEnsoulSharp.Aio.csproj", "{B24D5E27-F8C9-4D25-A13D-09BA888DE5CF}"
EndProject
Global
	GlobalSection(SolutionConfigurationPlatforms) = preSolution
		Debug|Any CPU = Debug|Any CPU
		Release|Any CPU = Release|Any CPU
	EndGlobalSection
	GlobalSection(ProjectConfigurationPlatforms) = postSolution
		{B24D5E27-F8C9-4D25-A13D-09BA888DE5CF}.Debug|Any CPU.ActiveCfg = Debug|Any CPU
		{B24D5E27-F8C9-4D25-A13D-09BA888DE5CF}.Debug|Any CPU.Build.0 = Debug|Any CPU
		{B24D5E27-F8C9-4D25-A13D-09BA888DE5CF}.Release|Any CPU.ActiveCfg = Release|Any CPU
		{B24D5E27-F8C9-4D25-A13D-09BA888DE5CF}.Release|Any CPU.Build.0 = Release|Any CPU
	EndGlobalSection
	GlobalSection(SolutionProperties) = preSolution
		HideSolutionNode = FALSE
	EndGlobalSection
	GlobalSection(ExtensibilityGlobals) = postSolution
		SolutionGuid = {F144D110-B8C7-4ABA-B7AA-F95C483CDFCB}
	EndGlobalSection
EndGlobal
